# THIS IS AN AUTOGENERATED FILE. DO NOT EDIT THIS FILE DIRECTLY.
# yarn lockfile v1


kefir@^3.8.5:
  version "3.8.5"
  resolved "https://registry.yarnpkg.com/kefir/-/kefir-3.8.5.tgz#ce8d952707ea833d9d995a96b92daa744dea83ba"
  integrity sha512-u4UxHyIvdOOM62Y/yAtYPeYEg/yUfwl5/QF3ksrTRxEdhpa7LAFChntZxVqbcf0gCGblZzL/JnV/gZYWOps3Qw==
  dependencies:
    symbol-observable "1.0.4"

symbol-observable@1.0.4:
  version "1.0.4"
  resolved "https://registry.yarnpkg.com/symbol-observable/-/symbol-observable-1.0.4.tgz#29bf615d4aa7121bdd898b22d4b3f9bc4e2aa03d"
  integrity sha1-Kb9hXUqnEhvdiYsi1LP5vE4qoD0=
